// !$*UTF8*$!
{
	archiveVersion = 1;
	classes = {
	};
	objectVersion = 50;
	objects = {

/* Begin PBXBuildFile section */
		057C61A72118B1C100558618 /* AppDelegate.swift in Sources */ = {isa = PBXBuildFile; fileRef = 057C61A62118B1C100558618 /* AppDelegate.swift */; };
		057C61A92118B1C100558618 /* ViewController.swift in Sources */ = {isa = PBXBuildFile; fileRef = 057C61A82118B1C100558618 /* ViewController.swift */; };
		057C61AC2118B1C100558618 /* Main.storyboard in Resources */ = {isa = PBXBuildFile; fileRef = 057C61AA2118B1C100558618 /* Main.storyboard */; };
		057C61AF2118B1C100558618 /* Youtube.xcdatamodeld in Sources */ = {isa = PBXBuildFile; fileRef = 057C61AD2118B1C100558618 /* Youtube.xcdatamodeld */; };
		057C61B12118B1C200558618 /* Assets.xcassets in Resources */ = {isa = PBXBuildFile; fileRef = 057C61B02118B1C200558618 /* Assets.xcassets */; };
		057C61B42118B1C200558618 /* LaunchScreen.storyboard in Resources */ = {isa = PBXBuildFile; fileRef = 057C61B22118B1C200558618 /* LaunchScreen.storyboard */; };
		057C61BF2118B1C200558618 /* YoutubeTests.swift in Sources */ = {isa = PBXBuildFile; fileRef = 057C61BE2118B1C200558618 /* YoutubeTests.swift */; };
		057C61CA2118B1C200558618 /* YoutubeUITests.swift in Sources */ = {isa = PBXBuildFile; fileRef = 057C61C92118B1C200558618 /* YoutubeUITests.swift */; };
/* End PBXBuildFile section */

/* Begin PBXContainerItemProxy section */
		057C61BB2118B1C200558618 /* PBXContainerItemProxy */ = {
			isa = PBXContainerItemProxy;
			containerPortal = 057C619B2118B1C100558618 /* Project object */;
			proxyType = 1;
			remoteGlobalIDString = 057C61A22118B1C100558618;
			remoteInfo = Youtube;
		};
		057C61C62118B1C200558618 /* PBXContainerItemProxy */ = {
			isa = PBXContainerItemProxy;
			containerPortal = 057C619B2118B1C100558618 /* Project object */;
			proxyType = 1;
			remoteGlobalIDString = 057C61A22118B1C100558618;
			remoteInfo = Youtube;
		};
/* End PBXContainerItemProxy section */

/* Begin PBXFileReference section */
		057C61A32118B1C100558618 /* Youtube.app */ = {isa = PBXFileReference; explicitFileType = wrapper.application; includeInIndex = 0; path = Youtube.app; sourceTree = BUILT_PRODUCTS_DIR; };
		057C61A62118B1C100558618 /* AppDelegate.swift */ = {isa = PBXFileReference; lastKnownFileType = sourcecode.swift; path = AppDelegate.swift; sourceTree = "<group>"; };
		057C61A82118B1C100558618 /* ViewController.swift */ = {isa = PBXFileReference; lastKnownFileType = sourcecode.swift; path = ViewController.swift; sourceTree = "<group>"; };
		057C61AB2118B1C100558618 /* Base */ = {isa = PBXFileReference; lastKnownFileType = file.storyboard; name = Base; path = Base.lproj/Main.storyboard; sourceTree = "<group>"; };
		057C61AE2118B1C100558618 /* Youtube.xcdatamodel */ = {isa = PBXFileReference; lastKnownFileType = wrapper.xcdatamodel; path = Youtube.xcdatamodel; sourceTree = "<group>"; };
		057C61B02118B1C200558618 /* Assets.xcassets */ = {isa = PBXFileReference; lastKnownFileType = folder.assetcatalog; path = Assets.xcassets; sourceTree = "<group>"; };
		057C61B32118B1C200558618 /* Base */ = {isa = PBXFileReference; lastKnownFileType = file.storyboard; name = Base; path = Base.lproj/LaunchScreen.storyboard; sourceTree = "<group>"; };
		057C61B52118B1C200558618 /* Info.plist */ = {isa = PBXFileReference; lastKnownFileType = text.plist.xml; path = Info.plist; sourceTree = "<group>"; };
		057C61BA2118B1C200558618 /* YoutubeTests.xctest */ = {isa = PBXFileReference; explicitFileType = wrapper.cfbundle; includeInIndex = 0; path = YoutubeTests.xctest; sourceTree = BUILT_PRODUCTS_DIR; };
		057C61BE2118B1C200558618 /* YoutubeTests.swift */ = {isa = PBXFileReference; lastKnownFileType = sourcecode.swift; path = YoutubeTests.swift; sourceTree = "<group>"; };
		057C61C02118B1C200558618 /* Info.plist */ = {isa = PBXFileReference; lastKnownFileType = text.plist.xml; path = Info.plist; sourceTree = "<group>"; };
		057C61C52118B1C200558618 /* YoutubeUITests.xctest */ = {isa = PBXFileReference; explicitFileType = wrapper.cfbundle; includeInIndex = 0; path = YoutubeUITests.xctest; sourceTree = BUILT_PRODUCTS_DIR; };
		057C61C92118B1C200558618 /* YoutubeUITests.swift */ = {isa = PBXFileReference; lastKnownFileType = sourcecode.swift; path = YoutubeUITests.swift; sourceTree = "<group>"; };
		057C61CB2118B1C200558618 /* Info.plist */ = {isa = PBXFileReference; lastKnownFileType = text.plist.xml; path = Info.plist; sourceTree = "<group>"; };
/* End PBXFileReference section */

/* Begin PBXFrameworksBuildPhase section */
		057C61A02118B1C100558618 /* Frameworks */ = {
			isa = PBXFrameworksBuildPhase;
			buildActionMask = 2147483647;
			files = (
			);
			runOnlyForDeploymentPostprocessing = 0;
		};
		057C61B72118B1C200558618 /* Frameworks */ = {
			isa = PBXFrameworksBuildPhase;
			buildActionMask = 2147483647;
			files = (
			);
			runOnlyForDeploymentPostprocessing = 0;
		};
		057C61C22118B1C200558618 /* Frameworks */ = {
			isa = PBXFrameworksBuildPhase;
			buildActionMask = 2147483647;
			files = (
			);
			runOnlyForDeploymentPostprocessing = 0;
		};
/* End PBXFrameworksBuildPhase section */

/* Begin PBXGroup section */
		057C619A2118B1C100558618 = {
			isa = PBXGroup;
			children = (
				057C61A52118B1C100558618 /* Youtube */,
				057C61BD2118B1C200558618 /* YoutubeTests */,
				057C61C82118B1C200558618 /* YoutubeUITests */,
				057C61A42118B1C100558618 /* Products */,
			);
			sourceTree = "<group>";
		};
		057C61A42118B1C100558618 /* Products */ = {
			isa = PBXGroup;
			children = (
				057C61A32118B1C100558618 /* Youtube.app */,
				057C61BA2118B1C200558618 /* YoutubeTests.xctest */,
				057C61C52118B1C200558618 /* YoutubeUITests.xctest */,
			);
			name = Products;
			sourceTree = "<group>";
		};
		057C61A52118B1C100558618 /* Youtube */ = {
			isa = PBXGroup;
			children = (
				057C61A62118B1C100558618 /* AppDelegate.swift */,
				057C61A82118B1C100558618 /* ViewController.swift */,
				057C61AA2118B1C100558618 /* Main.storyboard */,
				057C61B02118B1C200558618 /* Assets.xcassets */,
				057C61B22118B1C200558618 /* LaunchScreen.storyboard */,
				057C61B52118B1C200558618 /* Info.plist */,
				057C61AD2118B1C100558618 /* Youtube.xcdatamodeld */,
			);
			path = Youtube;
			sourceTree = "<group>";
		};
		057C61BD2118B1C200558618 /* YoutubeTests */ = {
			isa = PBXGroup;
			children = (
				057C61BE2118B1C200558618 /* YoutubeTests.swift */,
				057C61C02118B1C200558618 /* Info.plist */,
			);
			path = YoutubeTests;
			sourceTree = "<group>";
		};
		057C61C82118B1C200558618 /* YoutubeUITests */ = {
			isa = PBXGroup;
			children = (
				057C61C92118B1C200558618 /* YoutubeUITests.swift */,
				057C61CB2118B1C200558618 /* Info.plist */,
			);
			path = YoutubeUITests;
			sourceTree = "<group>";
		};
/* End PBXGroup section */

/* Begin PBXNativeTarget section */
		057C61A22118B1C100558618 /* Youtube */ = {
			isa = PBXNativeTarget;
			buildConfigurationList = 057C61CE2118B1C200558618 /* Build configuration list for PBXNativeTarget "Youtube" */;
			buildPhases = (
				057C619F2118B1C100558618 /* Sources */,
				057C61A02118B1C100558618 /* Frameworks */,
				057C61A12118B1C100558618 /* Resources */,
			);
			buildRules = (
			);
			dependencies = (
			);
			name = Youtube;
			productName = Youtube;
			productReference = 057C61A32118B1C100558618 /* Youtube.app */;
			productType = "com.apple.product-type.application";
		};
		057C61B92118B1C200558618 /* YoutubeTests */ = {
			isa = PBXNativeTarget;
			buildConfigurationList = 057C61D12118B1C200558618 /* Build configuration list for PBXNativeTarget "YoutubeTests" */;
			buildPhases = (
				057C61B62118B1C200558618 /* Sources */,
				057C61B72118B1C200558618 /* Frameworks */,
				057C61B82118B1C200558618 /* Resources */,
			);
			buildRules = (
			);
			dependencies = (
				057C61BC2118B1C200558618 /* PBXTargetDependency */,
			);
			name = YoutubeTests;
			productName = YoutubeTests;
			productReference = 057C61BA2118B1C200558618 /* YoutubeTests.xctest */;
			productType = "com.apple.product-type.bundle.unit-test";
		};
		057C61C42118B1C200558618 /* YoutubeUITests */ = {
			isa = PBXNativeTarget;
			buildConfigurationList = 057C61D42118B1C200558618 /* Build configuration list for PBXNativeTarget "YoutubeUITests" */;
			buildPhases = (
				057C61C12118B1C200558618 /* Sources */,
				057C61C22118B1C200558618 /* Frameworks */,
				057C61C32118B1C200558618 /* Resources */,
			);
			buildRules = (
			);
			dependencies = (
				057C61C72118B1C200558618 /* PBXTargetDependency */,
			);
			name = YoutubeUITests;
			productName = YoutubeUITests;
			productReference = 057C61C52118B1C200558618 /* YoutubeUITests.xctest */;
			productType = "com.apple.product-type.bundle.ui-testing";
		};
/* End PBXNativeTarget section */

/* Begin PBXProject section */
		057C619B2118B1C100558618 /* Project object */ = {
			isa = PBXProject;
			attributes = {
				LastSwiftUpdateCheck = 0940;
				LastUpgradeCheck = 0940;
				ORGANIZATIONNAME = "Jair Moreno Gaspar";
				TargetAttributes = {
					057C61A22118B1C100558618 = {
						CreatedOnToolsVersion = 9.4.1;
					};
					057C61B92118B1C200558618 = {
						CreatedOnToolsVersion = 9.4.1;
						TestTargetID = 057C61A22118B1C100558618;
					};
					057C61C42118B1C200558618 = {
						CreatedOnToolsVersion = 9.4.1;
						TestTargetID = 057C61A22118B1C100558618;
					};
				};
			};
			buildConfigurationList = 057C619E2118B1C100558618 /* Build configuration list for PBXProject "Youtube" */;
			compatibilityVersion = "Xcode 9.3";
			developmentRegion = en;
			hasScannedForEncodings = 0;
			knownRegions = (
				en,
				Base,
			);
			mainGroup = 057C619A2118B1C100558618;
			productRefGroup = 057C61A42118B1C100558618 /* Products */;
			projectDirPath = "";
			projectRoot = "";
			targets = (
				057C61A22118B1C100558618 /* Youtube */,
				057C61B92118B1C200558618 /* YoutubeTests */,
				057C61C42118B1C200558618 /* YoutubeUITests */,
			);
		};
/* End PBXProject section */

/* Begin PBXResourcesBuildPhase section */
		057C61A12118B1C100558618 /* Resources */ = {
			isa = PBXResourcesBuildPhase;
			buildActionMask = 2147483647;
			files = (
				057C61B42118B1C200558618 /* LaunchScreen.storyboard in Resources */,
				057C61B12118B1C200558618 /* Assets.xcassets in Resources */,
				057C61AC2118B1C100558618 /* Main.storyboard in Resources */,
			);
			runOnlyForDeploymentPostprocessing = 0;
		};
		057C61B82118B1C200558618 /* Resources */ = {
			isa = PBXResourcesBuildPhase;
			buildActionMask = 2147483647;
			files = (
			);
			runOnlyForDeploymentPostprocessing = 0;
		};
		057C61C32118B1C200558618 /* Resources */ = {
			isa = PBXResourcesBuildPhase;
			buildActionMask = 2147483647;
			files = (
			);
			runOnlyForDeploymentPostprocessing = 0;
		};
/* End PBXResourcesBuildPhase section */

/* Begin PBXSourcesBuildPhase section */
		057C619F2118B1C100558618 /* Sources */ = {
			isa = PBXSourcesBuildPhase;
			buildActionMask = 2147483647;
			files = (
				057C61A92118B1C100558618 /* ViewController.swift in Sources */,
				057C61AF2118B1C100558618 /* Youtube.xcdatamodeld in Sources */,
				057C61A72118B1C100558618 /* AppDelegate.swift in Sources */,
			);
			runOnlyForDeploymentPostprocessing = 0;
		};
		057C61B62118B1C200558618 /* Sources */ = {
			isa = PBXSourcesBuildPhase;
			buildActionMask = 2147483647;
			files = (
				057C61BF2118B1C200558618 /* YoutubeTests.swift in Sources */,
			);
			runOnlyForDeploymentPostprocessing = 0;
		};
		057C61C12118B1C200558618 /* Sources */ = {
			isa = PBXSourcesBuildPhase;
			buildActionMask = 2147483647;
			files = (
				057C61CA2118B1C200558618 /* YoutubeUITests.swift in Sources */,
			);
			runOnlyForDeploymentPostprocessing = 0;
		};
/* End PBXSourcesBuildPhase section */

/* Begin PBXTargetDependency section */
		057C61BC2118B1C200558618 /* PBXTargetDependency */ = {
			isa = PBXTargetDependency;
			target = 057C61A22118B1C100558618 /* Youtube */;
			targetProxy = 057C61BB2118B1C200558618 /* PBXContainerItemProxy */;
		};
		057C61C72118B1C200558618 /* PBXTargetDependency */ = {
			isa = PBXTargetDependency;
			target = 057C61A22118B1C100558618 /* Youtube */;
			targetProxy = 057C61C62118B1C200558618 /* PBXContainerItemProxy */;
		};
/* End PBXTargetDependency section */

/* Begin PBXVariantGroup section */
		057C61AA2118B1C100558618 /* Main.storyboard */ = {
			isa = PBXVariantGroup;
			children = (
				057C61AB2118B1C100558618 /* Base */,
			);
			name = Main.storyboard;
			sourceTree = "<group>";
		};
		057C61B22118B1C200558618 /* LaunchScreen.storyboard */ = {
			isa = PBXVariantGroup;
			children = (
				057C61B32118B1C200558618 /* Base */,
			);
			name = LaunchScreen.storyboard;
			sourceTree = "<group>";
		};
/* End PBXVariantGroup section */

/* Begin XCBuildConfiguration section */
		057C61CC2118B1C200558618 /* Debug */ = {
			isa = XCBuildConfiguration;
			buildSettings = {
				ALWAYS_SEARCH_USER_PATHS = NO;
				CLANG_ANALYZER_NONNULL = YES;
				CLANG_ANALYZER_NUMBER_OBJECT_CONVERSION = YES_AGGRESSIVE;
				CLANG_CXX_LANGUAGE_STANDARD = "gnu++14";
				CLANG_CXX_LIBRARY = "libc++";
				CLANG_ENABLE_MODULES = YES;
				CLANG_ENABLE_OBJC_ARC = YES;
				CLANG_ENABLE_OBJC_WEAK = YES;
				CLANG_WARN_BLOCK_CAPTURE_AUTORELEASING = YES;
				CLANG_WARN_BOOL_CONVERSION = YES;
				CLANG_WARN_COMMA = YES;
				CLANG_WARN_CONSTANT_CONVERSION = YES;
				CLANG_WARN_DEPRECATED_OBJC_IMPLEMENTATIONS = YES;
				CLANG_WARN_DIRECT_OBJC_ISA_USAGE = YES_ERROR;
				CLANG_WARN_DOCUMENTATION_COMMENTS = YES;
				CLANG_WARN_EMPTY_BODY = YES;
				CLANG_WARN_ENUM_CONVERSION = YES;
				CLANG_WARN_INFINITE_RECURSION = YES;
				CLANG_WARN_INT_CONVERSION = YES;
				CLANG_WARN_NON_LITERAL_NULL_CONVERSION = YES;
				CLANG_WARN_OBJC_IMPLICIT_RETAIN_SELF = YES;
				CLANG_WARN_OBJC_LITERAL_CONVERSION = YES;
				CLANG_WARN_OBJC_ROOT_CLASS = YES_ERROR;
				CLANG_WARN_RANGE_LOOP_ANALYSIS = YES;
				CLANG_WARN_STRICT_PROTOTYPES = YES;
				CLANG_WARN_SUSPICIOUS_MOVE = YES;
				CLANG_WARN_UNGUARDED_AVAILABILITY = YES_AGGRESSIVE;
				CLANG_WARN_UNREACHABLE_CODE = YES;
				CLANG_WARN__DUPLICATE_METHOD_MATCH = YES;
				CODE_SIGN_IDENTITY = "iPhone Developer";
				COPY_PHASE_STRIP = NO;
				DEBUG_INFORMATION_FORMAT = dwarf;
				ENABLE_STRICT_OBJC_MSGSEND = YES;
				ENABLE_TESTABILITY = YES;
				GCC_C_LANGUAGE_STANDARD = gnu11;
				GCC_DYNAMIC_NO_PIC = NO;
				GCC_NO_COMMON_BLOCKS = YES;
				GCC_OPTIMIZATION_LEVEL = 0;
				GCC_PREPROCESSOR_DEFINITIONS = (
					"DEBUG=1",
					"$(inherited)",
				);
				GCC_WARN_64_TO_32_BIT_CONVERSION = YES;
				GCC_WARN_ABOUT_RETURN_TYPE = YES_ERROR;
				GCC_WARN_UNDECLARED_SELECTOR = YES;
				GCC_WARN_UNINITIALIZED_AUTOS = YES_AGGRESSIVE;
				GCC_WARN_UNUSED_FUNCTION = YES;
				GCC_WARN_UNUSED_VARIABLE = YES;
				IPHONEOS_DEPLOYMENT_TARGET = 11.4;
				MTL_ENABLE_DEBUG_INFO = YES;
				ONLY_ACTIVE_ARCH = YES;
				SDKROOT = iphoneos;
				SWIFT_ACTIVE_COMPILATION_CONDITIONS = DEBUG;
				SWIFT_OPTIMIZATION_LEVEL = "-Onone";
			};
			name = Debug;
		};
		057C61CD2118B1C200558618 /* Release */ = {
			isa = XCBuildConfiguration;
			buildSettings = {
				ALWAYS_SEARCH_USER_PATHS = NO;
				CLANG_ANALYZER_NONNULL = YES;
				CLANG_ANALYZER_NUMBER_OBJECT_CONVERSION = YES_AGGRESSIVE;
				CLANG_CXX_LANGUAGE_STANDARD = "gnu++14";
				CLANG_CXX_LIBRARY = "libc++";
				CLANG_ENABLE_MODULES = YES;
				CLANG_ENABLE_OBJC_ARC = YES;
				CLANG_ENABLE_OBJC_WEAK = YES;
				CLANG_WARN_BLOCK_CAPTURE_AUTORELEASING = YES;
				CLANG_WARN_BOOL_CONVERSION = YES;
				CLANG_WARN_COMMA = YES;
				CLANG_WARN_CONSTANT_CONVERSION = YES;
				CLANG_WARN_DEPRECATED_OBJC_IMPLEMENTATIONS = YES;
				CLANG_WARN_DIRECT_OBJC_ISA_USAGE = YES_ERROR;
				CLANG_WARN_DOCUMENTATION_COMMENTS = YES;
				CLANG_WARN_EMPTY_BODY = YES;
				CLANG_WARN_ENUM_CONVERSION = YES;
				CLANG_WARN_INFINITE_RECURSION = YES;
				CLANG_WARN_INT_CONVERSION = YES;
				CLANG_WARN_NON_LITERAL_NULL_CONVERSION = YES;
				CLANG_WARN_OBJC_IMPLICIT_RETAIN_SELF = YES;
				CLANG_WARN_OBJC_LITERAL_CONVERSION = YES;
				CLANG_WARN_OBJC_ROOT_CLASS = YES_ERROR;
				CLANG_WARN_RANGE_LOOP_ANALYSIS = YES;
				CLANG_WARN_STRICT_PROTOTYPES = YES;
				CLANG_WARN_SUSPICIOUS_MOVE = YES;
				CLANG_WARN_UNGUARDED_AVAILABILITY = YES_AGGRESSIVE;
				CLANG_WARN_UNREACHABLE_CODE = YES;
				CLANG_WARN__DUPLICATE_METHOD_MATCH = YES;
				CODE_SIGN_IDENTITY = "iPhone Developer";
				COPY_PHASE_STRIP = NO;
				DEBUG_INFORMATION_FORMAT = "dwarf-with-dsym";
				ENABLE_NS_ASSERTIONS = NO;
				ENABLE_STRICT_OBJC_MSGSEND = YES;
				GCC_C_LANGUAGE_STANDARD = gnu11;
				GCC_NO_COMMON_BLOCKS = YES;
				GCC_WARN_64_TO_32_BIT_CONVERSION = YES;
				GCC_WARN_ABOUT_RETURN_TYPE = YES_ERROR;
				GCC_WARN_UNDECLARED_SELECTOR = YES;
				GCC_WARN_UNINITIALIZED_AUTOS = YES_AGGRESSIVE;
				GCC_WARN_UNUSED_FUNCTION = YES;
				GCC_WARN_UNUSED_VARIABLE = YES;
				IPHONEOS_DEPLOYMENT_TARGET = 11.4;
				MTL_ENABLE_DEBUG_INFO = NO;
				SDKROOT = iphoneos;
				SWIFT_COMPILATION_MODE = wholemodule;
				SWIFT_OPTIMIZATION_LEVEL = "-O";
				VALIDATE_PRODUCT = YES;
			};
			name = Release;
		};
		057C61CF2118B1C200558618 /* Debug */ = {
			isa = XCBuildConfiguration;
			buildSettings = {
				ASSETCATALOG_COMPILER_APPICON_NAME = AppIcon;
				CODE_SIGN_STYLE = Automatic;
				INFOPLIST_FILE = Youtube/Info.plist;
				LD_RUNPATH_SEARCH_PATHS = (
					"$(inherited)",
					"@executable_path/Frameworks",
				);
				PRODUCT_BUNDLE_IDENTIFIER = com.CoreData.Youtube;
				PRODUCT_NAME = "$(TARGET_NAME)";
				SWIFT_VERSION = 4.0;
				TARGETED_DEVICE_FAMILY = "1,2";
			};
			name = Debug;
		};
		057C61D02118B1C200558618 /* Release */ = {
			isa = XCBuildConfiguration;
			buildSettings = {
				ASSETCATALOG_COMPILER_APPICON_NAME = AppIcon;
				CODE_SIGN_STYLE = Automatic;
				INFOPLIST_FILE = Youtube/Info.plist;
				LD_RUNPATH_SEARCH_PATHS = (
					"$(inherited)",
					"@executable_path/Frameworks",
				);
				PRODUCT_BUNDLE_IDENTIFIER = com.CoreData.Youtube;
				PRODUCT_NAME = "$(TARGET_NAME)";
				SWIFT_VERSION = 4.0;
				TARGETED_DEVICE_FAMILY = "1,2";
			};
			name = Release;
		};
		057C61D22118B1C200558618 /* Debug */ = {
			isa = XCBuildConfiguration;
			buildSettings = {
				ALWAYS_EMBED_SWIFT_STANDARD_LIBRARIES = YES;
				BUNDLE_LOADER = "$(TEST_HOST)";
				CODE_SIGN_STYLE = Automatic;
				INFOPLIST_FILE = YoutubeTests/Info.plist;
				LD_RUNPATH_SEARCH_PATHS = (
					"$(inherited)",
					"@executable_path/Frameworks",
					"@loader_path/Frameworks",
				);
				PRODUCT_BUNDLE_IDENTIFIER = com.CoreData.YoutubeTests;
				PRODUCT_NAME = "$(TARGET_NAME)";
				SWIFT_VERSION = 4.0;
				TARGETED_DEVICE_FAMILY = "1,2";
				TEST_HOST = "$(BUILT_PRODUCTS_DIR)/Youtube.app/Youtube";
			};
			name = Debug;
		};
		057C61D32118B1C200558618 /* Release */ = {
			isa = XCBuildConfiguration;
			buildSettings = {
				ALWAYS_EMBED_SWIFT_STANDARD_LIBRARIES = YES;
				BUNDLE_LOADER = "$(TEST_HOST)";
				CODE_SIGN_STYLE = Automatic;
				INFOPLIST_FILE = YoutubeTests/Info.plist;
				LD_RUNPATH_SEARCH_PATHS = (
					"$(inherited)",
					"@executable_path/Frameworks",
					"@loader_path/Frameworks",
				);
				PRODUCT_BUNDLE_IDENTIFIER = com.CoreData.YoutubeTests;
				PRODUCT_NAME = "$(TARGET_NAME)";
				SWIFT_VERSION = 4.0;
				TARGETED_DEVICE_FAMILY = "1,2";
				TEST_HOST = "$(BUILT_PRODUCTS_DIR)/Youtube.app/Youtube";
			};
			name = Release;
		};
		057C61D52118B1C200558618 /* Debug */ = {
			isa = XCBuildConfiguration;
			buildSettings = {
				ALWAYS_EMBED_SWIFT_STANDARD_LIBRARIES = YES;
				CODE_SIGN_STYLE = Automatic;
				INFOPLIST_FILE = YoutubeUITests/Info.plist;
				LD_RUNPATH_SEARCH_PATHS = (
					"$(inherited)",
					"@executable_path/Frameworks",
					"@loader_path/Frameworks",
				);
				PRODUCT_BUNDLE_IDENTIFIER = com.CoreData.YoutubeUITests;
				PRODUCT_NAME = "$(TARGET_NAME)";
				SWIFT_VERSION = 4.0;
				TARGETED_DEVICE_FAMILY = "1,2";
				TEST_TARGET_NAME = Youtube;
			};
			name = Debug;
		};
		057C61D62118B1C200558618 /* Release */ = {
			isa = XCBuildConfiguration;
			buildSettings = {
				ALWAYS_EMBED_SWIFT_STANDARD_LIBRARIES = YES;
				CODE_SIGN_STYLE = Automatic;
				INFOPLIST_FILE = YoutubeUITests/Info.plist;
				LD_RUNPATH_SEARCH_PATHS = (
					"$(inherited)",
					"@executable_path/Frameworks",
					"@loader_path/Frameworks",
				);
				PRODUCT_BUNDLE_IDENTIFIER = com.CoreData.YoutubeUITests;
				PRODUCT_NAME = "$(TARGET_NAME)";
				SWIFT_VERSION = 4.0;
				TARGETED_DEVICE_FAMILY = "1,2";
				TEST_TARGET_NAME = Youtube;
			};
			name = Release;
		};
/* End XCBuildConfiguration section */

/* Begin XCConfigurationList section */
		057C619E2118B1C100558618 /* Build configuration list for PBXProject "Youtube" */ = {
			isa = XCConfigurationList;
			buildConfigurations = (
				057C61CC2118B1C200558618 /* Debug */,
				057C61CD2118B1C200558618 /* Release */,
			);
			defaultConfigurationIsVisible = 0;
			defaultConfigurationName = Release;
		};
		057C61CE2118B1C200558618 /* Build configuration list for PBXNativeTarget "Youtube" */ = {
			isa = XCConfigurationList;
			buildConfigurations = (
				057C61CF2118B1C200558618 /* Debug */,
				057C61D02118B1C200558618 /* Release */,
			);
			defaultConfigurationIsVisible = 0;
			defaultConfigurationName = Release;
		};
		057C61D12118B1C200558618 /* Build configuration list for PBXNativeTarget "YoutubeTests" */ = {
			isa = XCConfigurationList;
			buildConfigurations = (
				057C61D22118B1C200558618 /* Debug */,
				057C61D32118B1C200558618 /* Release */,
			);
			defaultConfigurationIsVisible = 0;
			defaultConfigurationName = Release;
		};
		057C61D42118B1C200558618 /* Build configuration list for PBXNativeTarget "YoutubeUITests" */ = {
			isa = XCConfigurationList;
			buildConfigurations = (
				057C61D52118B1C200558618 /* Debug */,
				057C61D62118B1C200558618 /* Release */,
			);
			defaultConfigurationIsVisible = 0;
			defaultConfigurationName = Release;
		};
/* End XCConfigurationList section */

/* Begin XCVersionGroup section */
		057C61AD2118B1C100558618 /* Youtube.xcdatamodeld */ = {
			isa = XCVersionGroup;
			children = (
				057C61AE2118B1C100558618 /* Youtube.xcdatamodel */,
			);
			currentVersion = 057C61AE2118B1C100558618 /* Youtube.xcdatamodel */;
			path = Youtube.xcdatamodeld;
			sourceTree = "<group>";
			versionGroupType = wrapper.xcdatamodel;
		};
/* End XCVersionGroup section */
	};
	rootObject = 057C619B2118B1C100558618 /* Project object */;
}
